
Microsoft Visual Studio Solution File, Format Version 11.00
# Visual Studio 2010
Project("{FAE04EC0-301F-11D3-BF4B-00C04F79EFBC}") = "LP OficinaAutomovel", "LP OficinaAutomovel\LP OficinaAutomovel.csproj", "{9115F2F3-D24C-4323-9C69-8D26033AF4ED}"
EndProject
Global
	GlobalSection(SolutionConfigurationPlatforms) = preSolution
		Debug|x86 = Debug|x86
		Release|x86 = Release|x86
	EndGlobalSection
	GlobalSection(ProjectConfigurationPlatforms) = postSolution
		{9115F2F3-D24C-4323-9C69-8D26033AF4ED}.Debug|x86.ActiveCfg = Debug|x86
		{9115F2F3-D24C-4323-9C69-8D26033AF4ED}.Debug|x86.Build.0 = Debug|x86
		{9115F2F3-D24C-4323-9C69-8D26033AF4ED}.Release|x86.ActiveCfg = Release|x86
		{9115F2F3-D24C-4323-9C69-8D26033AF4ED}.Release|x86.Build.0 = Release|x86
	EndGlobalSection
	GlobalSection(SolutionProperties) = preSolution
		HideSolutionNode = FALSE
	EndGlobalSection
EndGlobal
